// !$*UTF8*$!
{
	archiveVersion = 1;
	classes = {
	};
	objectVersion = 56;
	objects = {

/* Begin PBXBuildFile section */
		63340F182A44474500B1287F /* AppDelegate.swift in Sources */ = {isa = PBXBuildFile; fileRef = 63340F172A44474500B1287F /* AppDelegate.swift */; };
		63340F1A2A44474500B1287F /* SceneDelegate.swift in Sources */ = {isa = PBXBuildFile; fileRef = 63340F192A44474500B1287F /* SceneDelegate.swift */; };
		63340F1C2A44474500B1287F /* ViewController.swift in Sources */ = {isa = PBXBuildFile; fileRef = 63340F1B2A44474500B1287F /* ViewController.swift */; };
		63340F212A44474700B1287F /* Assets.xcassets in Resources */ = {isa = PBXBuildFile; fileRef = 63340F202A44474700B1287F /* Assets.xcassets */; };
		63340F242A44474700B1287F /* LaunchScreen.storyboard in Resources */ = {isa = PBXBuildFile; fileRef = 63340F222A44474700B1287F /* LaunchScreen.storyboard */; };
		63340F2F2A44474700B1287F /* codeHomeworkTests.swift in Sources */ = {isa = PBXBuildFile; fileRef = 63340F2E2A44474700B1287F /* codeHomeworkTests.swift */; };
		63340F392A44474700B1287F /* codeHomeworkUITests.swift in Sources */ = {isa = PBXBuildFile; fileRef = 63340F382A44474700B1287F /* codeHomeworkUITests.swift */; };
		63340F3B2A44474700B1287F /* codeHomeworkUITestsLaunchTests.swift in Sources */ = {isa = PBXBuildFile; fileRef = 63340F3A2A44474700B1287F /* codeHomeworkUITestsLaunchTests.swift */; };
/* End PBXBuildFile section */

/* Begin PBXContainerItemProxy section */
		63340F2B2A44474700B1287F /* PBXContainerItemProxy */ = {
			isa = PBXContainerItemProxy;
			containerPortal = 63340F0C2A44474500B1287F /* Project object */;
			proxyType = 1;
			remoteGlobalIDString = 63340F132A44474500B1287F;
			remoteInfo = codeHomework;
		};
		63340F352A44474700B1287F /* PBXContainerItemProxy */ = {
			isa = PBXContainerItemProxy;
			containerPortal = 63340F0C2A44474500B1287F /* Project object */;
			proxyType = 1;
			remoteGlobalIDString = 63340F132A44474500B1287F;
			remoteInfo = codeHomework;
		};
/* End PBXContainerItemProxy section */

/* Begin PBXFileReference section */
		63340F142A44474500B1287F /* codeHomework.app */ = {isa = PBXFileReference; explicitFileType = wrapper.application; includeInIndex = 0; path = codeHomework.app; sourceTree = BUILT_PRODUCTS_DIR; };
		63340F172A44474500B1287F /* AppDelegate.swift */ = {isa = PBXFileReference; lastKnownFileType = sourcecode.swift; path = AppDelegate.swift; sourceTree = "<group>"; };
		63340F192A44474500B1287F /* SceneDelegate.swift */ = {isa = PBXFileReference; lastKnownFileType = sourcecode.swift; path = SceneDelegate.swift; sourceTree = "<group>"; };
		63340F1B2A44474500B1287F /* ViewController.swift */ = {isa = PBXFileReference; lastKnownFileType = sourcecode.swift; path = ViewController.swift; sourceTree = "<group>"; };
		63340F202A44474700B1287F /* Assets.xcassets */ = {isa = PBXFileReference; lastKnownFileType = folder.assetcatalog; path = Assets.xcassets; sourceTree = "<group>"; };
		63340F232A44474700B1287F /* Base */ = {isa = PBXFileReference; lastKnownFileType = file.storyboard; name = Base; path = Base.lproj/LaunchScreen.storyboard; sourceTree = "<group>"; };
		63340F252A44474700B1287F /* Info.plist */ = {isa = PBXFileReference; lastKnownFileType = text.plist.xml; path = Info.plist; sourceTree = "<group>"; };
		63340F2A2A44474700B1287F /* codeHomeworkTests.xctest */ = {isa = PBXFileReference; explicitFileType = wrapper.cfbundle; includeInIndex = 0; path = codeHomeworkTests.xctest; sourceTree = BUILT_PRODUCTS_DIR; };
		63340F2E2A44474700B1287F /* codeHomeworkTests.swift */ = {isa = PBXFileReference; lastKnownFileType = sourcecode.swift; path = codeHomeworkTests.swift; sourceTree = "<group>"; };
		63340F342A44474700B1287F /* codeHomeworkUITests.xctest */ = {isa = PBXFileReference; explicitFileType = wrapper.cfbundle; includeInIndex = 0; path = codeHomeworkUITests.xctest; sourceTree = BUILT_PRODUCTS_DIR; };
		63340F382A44474700B1287F /* codeHomeworkUITests.swift */ = {isa = PBXFileReference; lastKnownFileType = sourcecode.swift; path = codeHomeworkUITests.swift; sourceTree = "<group>"; };
		63340F3A2A44474700B1287F /* codeHomeworkUITestsLaunchTests.swift */ = {isa = PBXFileReference; lastKnownFileType = sourcecode.swift; path = codeHomeworkUITestsLaunchTests.swift; sourceTree = "<group>"; };
/* End PBXFileReference section */

/* Begin PBXFrameworksBuildPhase section */
		63340F112A44474500B1287F /* Frameworks */ = {
			isa = PBXFrameworksBuildPhase;
			buildActionMask = 2147483647;
			files = (
			);
			runOnlyForDeploymentPostprocessing = 0;
		};
		63340F272A44474700B1287F /* Frameworks */ = {
			isa = PBXFrameworksBuildPhase;
			buildActionMask = 2147483647;
			files = (
			);
			runOnlyForDeploymentPostprocessing = 0;
		};
		63340F312A44474700B1287F /* Frameworks */ = {
			isa = PBXFrameworksBuildPhase;
			buildActionMask = 2147483647;
			files = (
			);
			runOnlyForDeploymentPostprocessing = 0;
		};
/* End PBXFrameworksBuildPhase section */

/* Begin PBXGroup section */
		63340F0B2A44474500B1287F = {
			isa = PBXGroup;
			children = (
				63340F162A44474500B1287F /* codeHomework */,
				63340F2D2A44474700B1287F /* codeHomeworkTests */,
				63340F372A44474700B1287F /* codeHomeworkUITests */,
				63340F152A44474500B1287F /* Products */,
			);
			sourceTree = "<group>";
		};
		63340F152A44474500B1287F /* Products */ = {
			isa = PBXGroup;
			children = (
				63340F142A44474500B1287F /* codeHomework.app */,
				63340F2A2A44474700B1287F /* codeHomeworkTests.xctest */,
				63340F342A44474700B1287F /* codeHomeworkUITests.xctest */,
			);
			name = Products;
			sourceTree = "<group>";
		};
		63340F162A44474500B1287F /* codeHomework */ = {
			isa = PBXGroup;
			children = (
				63340F172A44474500B1287F /* AppDelegate.swift */,
				63340F192A44474500B1287F /* SceneDelegate.swift */,
				63340F1B2A44474500B1287F /* ViewController.swift */,
				63340F202A44474700B1287F /* Assets.xcassets */,
				63340F222A44474700B1287F /* LaunchScreen.storyboard */,
				63340F252A44474700B1287F /* Info.plist */,
			);
			path = codeHomework;
			sourceTree = "<group>";
		};
		63340F2D2A44474700B1287F /* codeHomeworkTests */ = {
			isa = PBXGroup;
			children = (
				63340F2E2A44474700B1287F /* codeHomeworkTests.swift */,
			);
			path = codeHomeworkTests;
			sourceTree = "<group>";
		};
		63340F372A44474700B1287F /* codeHomeworkUITests */ = {
			isa = PBXGroup;
			children = (
				63340F382A44474700B1287F /* codeHomeworkUITests.swift */,
				63340F3A2A44474700B1287F /* codeHomeworkUITestsLaunchTests.swift */,
			);
			path = codeHomeworkUITests;
			sourceTree = "<group>";
		};
/* End PBXGroup section */

/* Begin PBXNativeTarget section */
		63340F132A44474500B1287F /* codeHomework */ = {
			isa = PBXNativeTarget;
			buildConfigurationList = 63340F3E2A44474700B1287F /* Build configuration list for PBXNativeTarget "codeHomework" */;
			buildPhases = (
				63340F102A44474500B1287F /* Sources */,
				63340F112A44474500B1287F /* Frameworks */,
				63340F122A44474500B1287F /* Resources */,
			);
			buildRules = (
			);
			dependencies = (
			);
			name = codeHomework;
			productName = codeHomework;
			productReference = 63340F142A44474500B1287F /* codeHomework.app */;
			productType = "com.apple.product-type.application";
		};
		63340F292A44474700B1287F /* codeHomeworkTests */ = {
			isa = PBXNativeTarget;
			buildConfigurationList = 63340F412A44474700B1287F /* Build configuration list for PBXNativeTarget "codeHomeworkTests" */;
			buildPhases = (
				63340F262A44474700B1287F /* Sources */,
				63340F272A44474700B1287F /* Frameworks */,
				63340F282A44474700B1287F /* Resources */,
			);
			buildRules = (
			);
			dependencies = (
				63340F2C2A44474700B1287F /* PBXTargetDependency */,
			);
			name = codeHomeworkTests;
			productName = codeHomeworkTests;
			productReference = 63340F2A2A44474700B1287F /* codeHomeworkTests.xctest */;
			productType = "com.apple.product-type.bundle.unit-test";
		};
		63340F332A44474700B1287F /* codeHomeworkUITests */ = {
			isa = PBXNativeTarget;
			buildConfigurationList = 63340F442A44474700B1287F /* Build configuration list for PBXNativeTarget "codeHomeworkUITests" */;
			buildPhases = (
				63340F302A44474700B1287F /* Sources */,
				63340F312A44474700B1287F /* Frameworks */,
				63340F322A44474700B1287F /* Resources */,
			);
			buildRules = (
			);
			dependencies = (
				63340F362A44474700B1287F /* PBXTargetDependency */,
			);
			name = codeHomeworkUITests;
			productName = codeHomeworkUITests;
			productReference = 63340F342A44474700B1287F /* codeHomeworkUITests.xctest */;
			productType = "com.apple.product-type.bundle.ui-testing";
		};
/* End PBXNativeTarget section */

/* Begin PBXProject section */
		63340F0C2A44474500B1287F /* Project object */ = {
			isa = PBXProject;
			attributes = {
				BuildIndependentTargetsInParallel = 1;
				LastSwiftUpdateCheck = 1430;
				LastUpgradeCheck = 1430;
				TargetAttributes = {
					63340F132A44474500B1287F = {
						CreatedOnToolsVersion = 14.3.1;
					};
					63340F292A44474700B1287F = {
						CreatedOnToolsVersion = 14.3.1;
						TestTargetID = 63340F132A44474500B1287F;
					};
					63340F332A44474700B1287F = {
						CreatedOnToolsVersion = 14.3.1;
						TestTargetID = 63340F132A44474500B1287F;
					};
				};
			};
			buildConfigurationList = 63340F0F2A44474500B1287F /* Build configuration list for PBXProject "codeHomework" */;
			compatibilityVersion = "Xcode 14.0";
			developmentRegion = en;
			hasScannedForEncodings = 0;
			knownRegions = (
				en,
				Base,
			);
			mainGroup = 63340F0B2A44474500B1287F;
			productRefGroup = 63340F152A44474500B1287F /* Products */;
			projectDirPath = "";
			projectRoot = "";
			targets = (
				63340F132A44474500B1287F /* codeHomework */,
				63340F292A44474700B1287F /* codeHomeworkTests */,
				63340F332A44474700B1287F /* codeHomeworkUITests */,
			);
		};
/* End PBXProject section */

/* Begin PBXResourcesBuildPhase section */
		63340F122A44474500B1287F /* Resources */ = {
			isa = PBXResourcesBuildPhase;
			buildActionMask = 2147483647;
			files = (
				63340F242A44474700B1287F /* LaunchScreen.storyboard in Resources */,
				63340F212A44474700B1287F /* Assets.xcassets in Resources */,
			);
			runOnlyForDeploymentPostprocessing = 0;
		};
		63340F282A44474700B1287F /* Resources */ = {
			isa = PBXResourcesBuildPhase;
			buildActionMask = 2147483647;
			files = (
			);
			runOnlyForDeploymentPostprocessing = 0;
		};
		63340F322A44474700B1287F /* Resources */ = {
			isa = PBXResourcesBuildPhase;
			buildActionMask = 2147483647;
			files = (
			);
			runOnlyForDeploymentPostprocessing = 0;
		};
/* End PBXResourcesBuildPhase section */

/* Begin PBXSourcesBuildPhase section */
		63340F102A44474500B1287F /* Sources */ = {
			isa = PBXSourcesBuildPhase;
			buildActionMask = 2147483647;
			files = (
				63340F1C2A44474500B1287F /* ViewController.swift in Sources */,
				63340F182A44474500B1287F /* AppDelegate.swift in Sources */,
				63340F1A2A44474500B1287F /* SceneDelegate.swift in Sources */,
			);
			runOnlyForDeploymentPostprocessing = 0;
		};
		63340F262A44474700B1287F /* Sources */ = {
			isa = PBXSourcesBuildPhase;
			buildActionMask = 2147483647;
			files = (
				63340F2F2A44474700B1287F /* codeHomeworkTests.swift in Sources */,
			);
			runOnlyForDeploymentPostprocessing = 0;
		};
		63340F302A44474700B1287F /* Sources */ = {
			isa = PBXSourcesBuildPhase;
			buildActionMask = 2147483647;
			files = (
				63340F392A44474700B1287F /* codeHomeworkUITests.swift in Sources */,
				63340F3B2A44474700B1287F /* codeHomeworkUITestsLaunchTests.swift in Sources */,
			);
			runOnlyForDeploymentPostprocessing = 0;
		};
/* End PBXSourcesBuildPhase section */

/* Begin PBXTargetDependency section */
		63340F2C2A44474700B1287F /* PBXTargetDependency */ = {
			isa = PBXTargetDependency;
			target = 63340F132A44474500B1287F /* codeHomework */;
			targetProxy = 63340F2B2A44474700B1287F /* PBXContainerItemProxy */;
		};
		63340F362A44474700B1287F /* PBXTargetDependency */ = {
			isa = PBXTargetDependency;
			target = 63340F132A44474500B1287F /* codeHomework */;
			targetProxy = 63340F352A44474700B1287F /* PBXContainerItemProxy */;
		};
/* End PBXTargetDependency section */

/* Begin PBXVariantGroup section */
		63340F222A44474700B1287F /* LaunchScreen.storyboard */ = {
			isa = PBXVariantGroup;
			children = (
				63340F232A44474700B1287F /* Base */,
			);
			name = LaunchScreen.storyboard;
			sourceTree = "<group>";
		};
/* End PBXVariantGroup section */

/* Begin XCBuildConfiguration section */
		63340F3C2A44474700B1287F /* Debug */ = {
			isa = XCBuildConfiguration;
			buildSettings = {
				ALWAYS_SEARCH_USER_PATHS = NO;
				CLANG_ANALYZER_NONNULL = YES;
				CLANG_ANALYZER_NUMBER_OBJECT_CONVERSION = YES_AGGRESSIVE;
				CLANG_CXX_LANGUAGE_STANDARD = "gnu++20";
				CLANG_ENABLE_MODULES = YES;
				CLANG_ENABLE_OBJC_ARC = YES;
				CLANG_ENABLE_OBJC_WEAK = YES;
				CLANG_WARN_BLOCK_CAPTURE_AUTORELEASING = YES;
				CLANG_WARN_BOOL_CONVERSION = YES;
				CLANG_WARN_COMMA = YES;
				CLANG_WARN_CONSTANT_CONVERSION = YES;
				CLANG_WARN_DEPRECATED_OBJC_IMPLEMENTATIONS = YES;
				CLANG_WARN_DIRECT_OBJC_ISA_USAGE = YES_ERROR;
				CLANG_WARN_DOCUMENTATION_COMMENTS = YES;
				CLANG_WARN_EMPTY_BODY = YES;
				CLANG_WARN_ENUM_CONVERSION = YES;
				CLANG_WARN_INFINITE_RECURSION = YES;
				CLANG_WARN_INT_CONVERSION = YES;
				CLANG_WARN_NON_LITERAL_NULL_CONVERSION = YES;
				CLANG_WARN_OBJC_IMPLICIT_RETAIN_SELF = YES;
				CLANG_WARN_OBJC_LITERAL_CONVERSION = YES;
				CLANG_WARN_OBJC_ROOT_CLASS = YES_ERROR;
				CLANG_WARN_QUOTED_INCLUDE_IN_FRAMEWORK_HEADER = YES;
				CLANG_WARN_RANGE_LOOP_ANALYSIS = YES;
				CLANG_WARN_STRICT_PROTOTYPES = YES;
				CLANG_WARN_SUSPICIOUS_MOVE = YES;
				CLANG_WARN_UNGUARDED_AVAILABILITY = YES_AGGRESSIVE;
				CLANG_WARN_UNREACHABLE_CODE = YES;
				CLANG_WARN__DUPLICATE_METHOD_MATCH = YES;
				COPY_PHASE_STRIP = NO;
				DEBUG_INFORMATION_FORMAT = dwarf;
				ENABLE_STRICT_OBJC_MSGSEND = YES;
				ENABLE_TESTABILITY = YES;
				GCC_C_LANGUAGE_STANDARD = gnu11;
				GCC_DYNAMIC_NO_PIC = NO;
				GCC_NO_COMMON_BLOCKS = YES;
				GCC_OPTIMIZATION_LEVEL = 0;
				GCC_PREPROCESSOR_DEFINITIONS = (
					"DEBUG=1",
					"$(inherited)",
				);
				GCC_WARN_64_TO_32_BIT_CONVERSION = YES;
				GCC_WARN_ABOUT_RETURN_TYPE = YES_ERROR;
				GCC_WARN_UNDECLARED_SELECTOR = YES;
				GCC_WARN_UNINITIALIZED_AUTOS = YES_AGGRESSIVE;
				GCC_WARN_UNUSED_FUNCTION = YES;
				GCC_WARN_UNUSED_VARIABLE = YES;
				IPHONEOS_DEPLOYMENT_TARGET = 16.4;
				MTL_ENABLE_DEBUG_INFO = INCLUDE_SOURCE;
				MTL_FAST_MATH = YES;
				ONLY_ACTIVE_ARCH = YES;
				SDKROOT = iphoneos;
				SWIFT_ACTIVE_COMPILATION_CONDITIONS = DEBUG;
				SWIFT_OPTIMIZATION_LEVEL = "-Onone";
			};
			name = Debug;
		};
		63340F3D2A44474700B1287F /* Release */ = {
			isa = XCBuildConfiguration;
			buildSettings = {
				ALWAYS_SEARCH_USER_PATHS = NO;
				CLANG_ANALYZER_NONNULL = YES;
				CLANG_ANALYZER_NUMBER_OBJECT_CONVERSION = YES_AGGRESSIVE;
				CLANG_CXX_LANGUAGE_STANDARD = "gnu++20";
				CLANG_ENABLE_MODULES = YES;
				CLANG_ENABLE_OBJC_ARC = YES;
				CLANG_ENABLE_OBJC_WEAK = YES;
				CLANG_WARN_BLOCK_CAPTURE_AUTORELEASING = YES;
				CLANG_WARN_BOOL_CONVERSION = YES;
				CLANG_WARN_COMMA = YES;
				CLANG_WARN_CONSTANT_CONVERSION = YES;
				CLANG_WARN_DEPRECATED_OBJC_IMPLEMENTATIONS = YES;
				CLANG_WARN_DIRECT_OBJC_ISA_USAGE = YES_ERROR;
				CLANG_WARN_DOCUMENTATION_COMMENTS = YES;
				CLANG_WARN_EMPTY_BODY = YES;
				CLANG_WARN_ENUM_CONVERSION = YES;
				CLANG_WARN_INFINITE_RECURSION = YES;
				CLANG_WARN_INT_CONVERSION = YES;
				CLANG_WARN_NON_LITERAL_NULL_CONVERSION = YES;
				CLANG_WARN_OBJC_IMPLICIT_RETAIN_SELF = YES;
				CLANG_WARN_OBJC_LITERAL_CONVERSION = YES;
				CLANG_WARN_OBJC_ROOT_CLASS = YES_ERROR;
				CLANG_WARN_QUOTED_INCLUDE_IN_FRAMEWORK_HEADER = YES;
				CLANG_WARN_RANGE_LOOP_ANALYSIS = YES;
				CLANG_WARN_STRICT_PROTOTYPES = YES;
				CLANG_WARN_SUSPICIOUS_MOVE = YES;
				CLANG_WARN_UNGUARDED_AVAILABILITY = YES_AGGRESSIVE;
				CLANG_WARN_UNREACHABLE_CODE = YES;
				CLANG_WARN__DUPLICATE_METHOD_MATCH = YES;
				COPY_PHASE_STRIP = NO;
				DEBUG_INFORMATION_FORMAT = "dwarf-with-dsym";
				ENABLE_NS_ASSERTIONS = NO;
				ENABLE_STRICT_OBJC_MSGSEND = YES;
				GCC_C_LANGUAGE_STANDARD = gnu11;
				GCC_NO_COMMON_BLOCKS = YES;
				GCC_WARN_64_TO_32_BIT_CONVERSION = YES;
				GCC_WARN_ABOUT_RETURN_TYPE = YES_ERROR;
				GCC_WARN_UNDECLARED_SELECTOR = YES;
				GCC_WARN_UNINITIALIZED_AUTOS = YES_AGGRESSIVE;
				GCC_WARN_UNUSED_FUNCTION = YES;
				GCC_WARN_UNUSED_VARIABLE = YES;
				IPHONEOS_DEPLOYMENT_TARGET = 16.4;
				MTL_ENABLE_DEBUG_INFO = NO;
				MTL_FAST_MATH = YES;
				SDKROOT = iphoneos;
				SWIFT_COMPILATION_MODE = wholemodule;
				SWIFT_OPTIMIZATION_LEVEL = "-O";
				VALIDATE_PRODUCT = YES;
			};
			name = Release;
		};
		63340F3F2A44474700B1287F /* Debug */ = {
			isa = XCBuildConfiguration;
			buildSettings = {
				ASSETCATALOG_COMPILER_APPICON_NAME = AppIcon;
				ASSETCATALOG_COMPILER_GLOBAL_ACCENT_COLOR_NAME = AccentColor;
				CODE_SIGN_STYLE = Automatic;
				CURRENT_PROJECT_VERSION = 1;
				GENERATE_INFOPLIST_FILE = YES;
				INFOPLIST_FILE = codeHomework/Info.plist;
				INFOPLIST_KEY_UIApplicationSupportsIndirectInputEvents = YES;
				INFOPLIST_KEY_UILaunchStoryboardName = LaunchScreen;
				INFOPLIST_KEY_UISupportedInterfaceOrientations_iPad = "UIInterfaceOrientationPortrait UIInterfaceOrientationPortraitUpsideDown UIInterfaceOrientationLandscapeLeft UIInterfaceOrientationLandscapeRight";
				INFOPLIST_KEY_UISupportedInterfaceOrientations_iPhone = "UIInterfaceOrientationPortrait UIInterfaceOrientationLandscapeLeft UIInterfaceOrientationLandscapeRight";
				LD_RUNPATH_SEARCH_PATHS = (
					"$(inherited)",
					"@executable_path/Frameworks",
				);
				MARKETING_VERSION = 1.0;
				PRODUCT_BUNDLE_IDENTIFIER = justcode.codeHomework;
				PRODUCT_NAME = "$(TARGET_NAME)";
				SWIFT_EMIT_LOC_STRINGS = YES;
				SWIFT_VERSION = 5.0;
				TARGETED_DEVICE_FAMILY = "1,2";
			};
			name = Debug;
		};
		63340F402A44474700B1287F /* Release */ = {
			isa = XCBuildConfiguration;
			buildSettings = {
				ASSETCATALOG_COMPILER_APPICON_NAME = AppIcon;
				ASSETCATALOG_COMPILER_GLOBAL_ACCENT_COLOR_NAME = AccentColor;
				CODE_SIGN_STYLE = Automatic;
				CURRENT_PROJECT_VERSION = 1;
				GENERATE_INFOPLIST_FILE = YES;
				INFOPLIST_FILE = codeHomework/Info.plist;
				INFOPLIST_KEY_UIApplicationSupportsIndirectInputEvents = YES;
				INFOPLIST_KEY_UILaunchStoryboardName = LaunchScreen;
				INFOPLIST_KEY_UISupportedInterfaceOrientations_iPad = "UIInterfaceOrientationPortrait UIInterfaceOrientationPortraitUpsideDown UIInterfaceOrientationLandscapeLeft UIInterfaceOrientationLandscapeRight";
				INFOPLIST_KEY_UISupportedInterfaceOrientations_iPhone = "UIInterfaceOrientationPortrait UIInterfaceOrientationLandscapeLeft UIInterfaceOrientationLandscapeRight";
				LD_RUNPATH_SEARCH_PATHS = (
					"$(inherited)",
					"@executable_path/Frameworks",
				);
				MARKETING_VERSION = 1.0;
				PRODUCT_BUNDLE_IDENTIFIER = justcode.codeHomework;
				PRODUCT_NAME = "$(TARGET_NAME)";
				SWIFT_EMIT_LOC_STRINGS = YES;
				SWIFT_VERSION = 5.0;
				TARGETED_DEVICE_FAMILY = "1,2";
			};
			name = Release;
		};
		63340F422A44474700B1287F /* Debug */ = {
			isa = XCBuildConfiguration;
			buildSettings = {
				ALWAYS_EMBED_SWIFT_STANDARD_LIBRARIES = YES;
				BUNDLE_LOADER = "$(TEST_HOST)";
				CODE_SIGN_STYLE = Automatic;
				CURRENT_PROJECT_VERSION = 1;
				GENERATE_INFOPLIST_FILE = YES;
				IPHONEOS_DEPLOYMENT_TARGET = 16.4;
				MARKETING_VERSION = 1.0;
				PRODUCT_BUNDLE_IDENTIFIER = justcode.codeHomeworkTests;
				PRODUCT_NAME = "$(TARGET_NAME)";
				SWIFT_EMIT_LOC_STRINGS = NO;
				SWIFT_VERSION = 5.0;
				TARGETED_DEVICE_FAMILY = "1,2";
				TEST_HOST = "$(BUILT_PRODUCTS_DIR)/codeHomework.app/$(BUNDLE_EXECUTABLE_FOLDER_PATH)/codeHomework";
			};
			name = Debug;
		};
		63340F432A44474700B1287F /* Release */ = {
			isa = XCBuildConfiguration;
			buildSettings = {
				ALWAYS_EMBED_SWIFT_STANDARD_LIBRARIES = YES;
				BUNDLE_LOADER = "$(TEST_HOST)";
				CODE_SIGN_STYLE = Automatic;
				CURRENT_PROJECT_VERSION = 1;
				GENERATE_INFOPLIST_FILE = YES;
				IPHONEOS_DEPLOYMENT_TARGET = 16.4;
				MARKETING_VERSION = 1.0;
				PRODUCT_BUNDLE_IDENTIFIER = justcode.codeHomeworkTests;
				PRODUCT_NAME = "$(TARGET_NAME)";
				SWIFT_EMIT_LOC_STRINGS = NO;
				SWIFT_VERSION = 5.0;
				TARGETED_DEVICE_FAMILY = "1,2";
				TEST_HOST = "$(BUILT_PRODUCTS_DIR)/codeHomework.app/$(BUNDLE_EXECUTABLE_FOLDER_PATH)/codeHomework";
			};
			name = Release;
		};
		63340F452A44474700B1287F /* Debug */ = {
			isa = XCBuildConfiguration;
			buildSettings = {
				ALWAYS_EMBED_SWIFT_STANDARD_LIBRARIES = YES;
				CODE_SIGN_STYLE = Automatic;
				CURRENT_PROJECT_VERSION = 1;
				GENERATE_INFOPLIST_FILE = YES;
				MARKETING_VERSION = 1.0;
				PRODUCT_BUNDLE_IDENTIFIER = justcode.codeHomeworkUITests;
				PRODUCT_NAME = "$(TARGET_NAME)";
				SWIFT_EMIT_LOC_STRINGS = NO;
				SWIFT_VERSION = 5.0;
				TARGETED_DEVICE_FAMILY = "1,2";
				TEST_TARGET_NAME = codeHomework;
			};
			name = Debug;
		};
		63340F462A44474700B1287F /* Release */ = {
			isa = XCBuildConfiguration;
			buildSettings = {
				ALWAYS_EMBED_SWIFT_STANDARD_LIBRARIES = YES;
				CODE_SIGN_STYLE = Automatic;
				CURRENT_PROJECT_VERSION = 1;
				GENERATE_INFOPLIST_FILE = YES;
				MARKETING_VERSION = 1.0;
				PRODUCT_BUNDLE_IDENTIFIER = justcode.codeHomeworkUITests;
				PRODUCT_NAME = "$(TARGET_NAME)";
				SWIFT_EMIT_LOC_STRINGS = NO;
				SWIFT_VERSION = 5.0;
				TARGETED_DEVICE_FAMILY = "1,2";
				TEST_TARGET_NAME = codeHomework;
			};
			name = Release;
		};
/* End XCBuildConfiguration section */

/* Begin XCConfigurationList section */
		63340F0F2A44474500B1287F /* Build configuration list for PBXProject "codeHomework" */ = {
			isa = XCConfigurationList;
			buildConfigurations = (
				63340F3C2A44474700B1287F /* Debug */,
				63340F3D2A44474700B1287F /* Release */,
			);
			defaultConfigurationIsVisible = 0;
			defaultConfigurationName = Release;
		};
		63340F3E2A44474700B1287F /* Build configuration list for PBXNativeTarget "codeHomework" */ = {
			isa = XCConfigurationList;
			buildConfigurations = (
				63340F3F2A44474700B1287F /* Debug */,
				63340F402A44474700B1287F /* Release */,
			);
			defaultConfigurationIsVisible = 0;
			defaultConfigurationName = Release;
		};
		63340F412A44474700B1287F /* Build configuration list for PBXNativeTarget "codeHomeworkTests" */ = {
			isa = XCConfigurationList;
			buildConfigurations = (
				63340F422A44474700B1287F /* Debug */,
				63340F432A44474700B1287F /* Release */,
			);
			defaultConfigurationIsVisible = 0;
			defaultConfigurationName = Release;
		};
		63340F442A44474700B1287F /* Build configuration list for PBXNativeTarget "codeHomeworkUITests" */ = {
			isa = XCConfigurationList;
			buildConfigurations = (
				63340F452A44474700B1287F /* Debug */,
				63340F462A44474700B1287F /* Release */,
			);
			defaultConfigurationIsVisible = 0;
			defaultConfigurationName = Release;
		};
/* End XCConfigurationList section */
	};
	rootObject = 63340F0C2A44474500B1287F /* Project object */;
}
